
Microsoft Visual Studio Solution File, Format Version 12.00
# Visual Studio 15
VisualStudioVersion = 15.0.34112.143
MinimumVisualStudioVersion = 10.0.40219.1
Project("{FAE04EC0-301F-11D3-BF4B-00C04F79EFBC}") = "InventoryFrontEnd", "InventoryFrontEnd\InventoryFrontEnd.csproj", "{4DBA25AD-645B-4C75-A9BC-A7C9B803F2EC}"
EndProject
Global
	GlobalSection(SolutionConfigurationPlatforms) = preSolution
		Debug|Any CPU = Debug|Any CPU
		Release|Any CPU = Release|Any CPU
	EndGlobalSection
	GlobalSection(ProjectConfigurationPlatforms) = postSolution
		{4DBA25AD-645B-4C75-A9BC-A7C9B803F2EC}.Debug|Any CPU.ActiveCfg = Debug|Any CPU
		{4DBA25AD-645B-4C75-A9BC-A7C9B803F2EC}.Debug|Any CPU.Build.0 = Debug|Any CPU
		{4DBA25AD-645B-4C75-A9BC-A7C9B803F2EC}.Release|Any CPU.ActiveCfg = Release|Any CPU
		{4DBA25AD-645B-4C75-A9BC-A7C9B803F2EC}.Release|Any CPU.Build.0 = Release|Any CPU
	EndGlobalSection
	GlobalSection(SolutionProperties) = preSolution
		HideSolutionNode = FALSE
	EndGlobalSection
	GlobalSection(ExtensibilityGlobals) = postSolution
		SolutionGuid = {3E58629D-9F4D-4EBC-BBF8-BF401E276276}
	EndGlobalSection
EndGlobal
